
Microsoft Visual Studio Solution File, Format Version 12.00
# Visual Studio Version 16
VisualStudioVersion = 16.0.29806.167
MinimumVisualStudioVersion = 10.0.40219.1
Project("{9A19103F-16F7-4668-BE54-9A1E7A4F7556}") = "OpenGL", "OpenGL\OpenGL.csproj", "{84C72296-0914-48C0-A129-AF02E0D1A1FB}"
EndProject
Project("{9A19103F-16F7-4668-BE54-9A1E7A4F7556}") = "OpenGL.Platform", "OpenGL.Platform\OpenGL.Platform.csproj", "{6A7ADDE5-8FFF-413B-8B19-A7CD4777D8FF}"
EndProject
Project("{FAE04EC0-301F-11D3-BF4B-00C04F79EFBC}") = "Glfw", "Glfw\Glfw.csproj", "{A53B585E-6AC2-4509-A1C8-247AAADC0C73}"
EndProject
Global
	GlobalSection(SolutionConfigurationPlatforms) = preSolution
		Debug|Any CPU = Debug|Any CPU
		Debug|x86 = Debug|x86
		Release|Any CPU = Release|Any CPU
		Release|x86 = Release|x86
	EndGlobalSection
	GlobalSection(ProjectConfigurationPlatforms) = postSolution
		{84C72296-0914-48C0-A129-AF02E0D1A1FB}.Debug|Any CPU.ActiveCfg = Debug|Any CPU
		{84C72296-0914-48C0-A129-AF02E0D1A1FB}.Debug|Any CPU.Build.0 = Debug|Any CPU
		{84C72296-0914-48C0-A129-AF02E0D1A1FB}.Debug|x86.ActiveCfg = Debug|Any CPU
		{84C72296-0914-48C0-A129-AF02E0D1A1FB}.Debug|x86.Build.0 = Debug|Any CPU
		{84C72296-0914-48C0-A129-AF02E0D1A1FB}.Release|Any CPU.ActiveCfg = Release|Any CPU
		{84C72296-0914-48C0-A129-AF02E0D1A1FB}.Release|Any CPU.Build.0 = Release|Any CPU
		{84C72296-0914-48C0-A129-AF02E0D1A1FB}.Release|x86.ActiveCfg = Release|Any CPU
		{84C72296-0914-48C0-A129-AF02E0D1A1FB}.Release|x86.Build.0 = Release|Any CPU
		{6A7ADDE5-8FFF-413B-8B19-A7CD4777D8FF}.Debug|Any CPU.ActiveCfg = Debug|Any CPU
		{6A7ADDE5-8FFF-413B-8B19-A7CD4777D8FF}.Debug|Any CPU.Build.0 = Debug|Any CPU
		{6A7ADDE5-8FFF-413B-8B19-A7CD4777D8FF}.Debug|x86.ActiveCfg = Debug|Any CPU
		{6A7ADDE5-8FFF-413B-8B19-A7CD4777D8FF}.Debug|x86.Build.0 = Debug|Any CPU
		{6A7ADDE5-8FFF-413B-8B19-A7CD4777D8FF}.Release|Any CPU.ActiveCfg = Release|Any CPU
		{6A7ADDE5-8FFF-413B-8B19-A7CD4777D8FF}.Release|Any CPU.Build.0 = Release|Any CPU
		{6A7ADDE5-8FFF-413B-8B19-A7CD4777D8FF}.Release|x86.ActiveCfg = Release|Any CPU
		{6A7ADDE5-8FFF-413B-8B19-A7CD4777D8FF}.Release|x86.Build.0 = Release|Any CPU
		{A53B585E-6AC2-4509-A1C8-247AAADC0C73}.Debug|Any CPU.ActiveCfg = Debug|Any CPU
		{A53B585E-6AC2-4509-A1C8-247AAADC0C73}.Debug|Any CPU.Build.0 = Debug|Any CPU
		{A53B585E-6AC2-4509-A1C8-247AAADC0C73}.Debug|x86.ActiveCfg = Debug|Any CPU
		{A53B585E-6AC2-4509-A1C8-247AAADC0C73}.Debug|x86.Build.0 = Debug|Any CPU
		{A53B585E-6AC2-4509-A1C8-247AAADC0C73}.Release|Any CPU.ActiveCfg = Release|Any CPU
		{A53B585E-6AC2-4509-A1C8-247AAADC0C73}.Release|Any CPU.Build.0 = Release|Any CPU
		{A53B585E-6AC2-4509-A1C8-247AAADC0C73}.Release|x86.ActiveCfg = Release|Any CPU
		{A53B585E-6AC2-4509-A1C8-247AAADC0C73}.Release|x86.Build.0 = Release|Any CPU
	EndGlobalSection
	GlobalSection(SolutionProperties) = preSolution
		HideSolutionNode = FALSE
	EndGlobalSection
	GlobalSection(ExtensibilityGlobals) = postSolution
		SolutionGuid = {EF9F887A-DCAC-4559-A3A6-5A817B6783F7}
	EndGlobalSection
EndGlobal
